// !$*UTF8*$!
{
	archiveVersion = 1;
	classes = {
	};
	objectVersion = 46;
	objects = {

/* Begin PBXBuildFile section */
		03F2A221B8A64D7C8ACBF0C8 /* libPods.a in Frameworks */ = {isa = PBXBuildFile; fileRef = 6A09F377CEFF47639D70D6C0 /* libPods.a */; };
		6631186618210E1200993AF6 /* BUSTrip.m in Sources */ = {isa = PBXBuildFile; fileRef = 6631186518210E1200993AF6 /* BUSTrip.m */; };
		6631186918210E3D00993AF6 /* BUSRoute.m in Sources */ = {isa = PBXBuildFile; fileRef = 6631186818210E3D00993AF6 /* BUSRoute.m */; };
		6631186C18210E4B00993AF6 /* BUSAgency.m in Sources */ = {isa = PBXBuildFile; fileRef = 6631186B18210E4B00993AF6 /* BUSAgency.m */; };
		6631186F18210E6400993AF6 /* BUSStop.m in Sources */ = {isa = PBXBuildFile; fileRef = 6631186E18210E6400993AF6 /* BUSStop.m */; };
		6631187218210E8000993AF6 /* BUSPath.m in Sources */ = {isa = PBXBuildFile; fileRef = 6631187118210E8000993AF6 /* BUSPath.m */; };
		6631187618211EC500993AF6 /* BUSGTFSService.m in Sources */ = {isa = PBXBuildFile; fileRef = 6631187518211EC500993AF6 /* BUSGTFSService.m */; };
		663CF74A18293486006A79D2 /* BUSRouteListVCSpec.m in Sources */ = {isa = PBXBuildFile; fileRef = 663CF74918293486006A79D2 /* BUSRouteListVCSpec.m */; };
		6688466318213CAC000D3457 /* BUSRouteListCell.m in Sources */ = {isa = PBXBuildFile; fileRef = 6688466218213CAC000D3457 /* BUSRouteListCell.m */; };
		66BA17F018267FD400E4397E /* agency-colors.plist in Resources */ = {isa = PBXBuildFile; fileRef = 66BA17EF18267FD400E4397E /* agency-colors.plist */; };
		66D972FA18278EB500B3C517 /* BUSRouteListSectionHeader.m in Sources */ = {isa = PBXBuildFile; fileRef = 66D972F918278EB500B3C517 /* BUSRouteListSectionHeader.m */; };
		66D972FE18278F1D00B3C517 /* RouteListSectionHeader.xib in Resources */ = {isa = PBXBuildFile; fileRef = 66D972FD18278F1D00B3C517 /* RouteListSectionHeader.xib */; };
		66D973011827989C00B3C517 /* UIXibView.m in Sources */ = {isa = PBXBuildFile; fileRef = 66D973001827989C00B3C517 /* UIXibView.m */; };
		9439AE2F182A47B10000A2C6 /* AppIcon29x29.png in Resources */ = {isa = PBXBuildFile; fileRef = 9439AE25182A47B10000A2C6 /* AppIcon29x29.png */; };
		9439AE30182A47B10000A2C6 /* AppIcon29x29@2x.png in Resources */ = {isa = PBXBuildFile; fileRef = 9439AE26182A47B10000A2C6 /* AppIcon29x29@2x.png */; };
		9439AE31182A47B10000A2C6 /* AppIcon40x40.png in Resources */ = {isa = PBXBuildFile; fileRef = 9439AE27182A47B10000A2C6 /* AppIcon40x40.png */; };
		9439AE32182A47B10000A2C6 /* AppIcon40x40@2x.png in Resources */ = {isa = PBXBuildFile; fileRef = 9439AE28182A47B10000A2C6 /* AppIcon40x40@2x.png */; };
		9439AE33182A47B10000A2C6 /* AppIcon60x60.png in Resources */ = {isa = PBXBuildFile; fileRef = 9439AE29182A47B10000A2C6 /* AppIcon60x60.png */; };
		9439AE34182A47B10000A2C6 /* AppIcon60x60@2x.png in Resources */ = {isa = PBXBuildFile; fileRef = 9439AE2A182A47B10000A2C6 /* AppIcon60x60@2x.png */; };
		9439AE35182A47B10000A2C6 /* AppIcon76x76.png in Resources */ = {isa = PBXBuildFile; fileRef = 9439AE2B182A47B10000A2C6 /* AppIcon76x76.png */; };
		9439AE36182A47B10000A2C6 /* AppIcon76x76@2x.png in Resources */ = {isa = PBXBuildFile; fileRef = 9439AE2C182A47B10000A2C6 /* AppIcon76x76@2x.png */; };
		9439AE37182A47B10000A2C6 /* iTunesArtwork.png in Resources */ = {isa = PBXBuildFile; fileRef = 9439AE2D182A47B10000A2C6 /* iTunesArtwork.png */; };
		9439AE38182A47B10000A2C6 /* iTunesArtwork@2x.png in Resources */ = {isa = PBXBuildFile; fileRef = 9439AE2E182A47B10000A2C6 /* iTunesArtwork@2x.png */; };
		9439AE3A182A4B6E0000A2C6 /* bus161.kml in Resources */ = {isa = PBXBuildFile; fileRef = 9439AE39182A4B6E0000A2C6 /* bus161.kml */; };
		946FD0981826513E00ADD588 /* BUSLocationService.m in Sources */ = {isa = PBXBuildFile; fileRef = 946FD0971826513E00ADD588 /* BUSLocationService.m */; };
		946FD0A618268EC100ADD588 /* IICSimulatedLocationManager.m in Sources */ = {isa = PBXBuildFile; fileRef = 946FD0A518268EC100ADD588 /* IICSimulatedLocationManager.m */; };
		946FD0A818269DFC00ADD588 /* bus61.kml in Resources */ = {isa = PBXBuildFile; fileRef = 946FD0A718269DFC00ADD588 /* bus61.kml */; };
		947C9D5F1821453C00C7B008 /* BUSStop+TripProjection.m in Sources */ = {isa = PBXBuildFile; fileRef = 947C9D5E1821453C00C7B008 /* BUSStop+TripProjection.m */; };
		9492C32C18B2217F00968246 /* cities.sqlite in Resources */ = {isa = PBXBuildFile; fileRef = 9492C32B18B2217F00968246 /* cities.sqlite */; };
		9492C33418B34E7000968246 /* TripSectionHeader.xib in Resources */ = {isa = PBXBuildFile; fileRef = 9492C33318B34E7000968246 /* TripSectionHeader.xib */; };
		9492C33718B3504700968246 /* BUSTripSectionHeader.m in Sources */ = {isa = PBXBuildFile; fileRef = 9492C33618B3504700968246 /* BUSTripSectionHeader.m */; };
		94B0441A181FF7A200D3E15B /* Foundation.framework in Frameworks */ = {isa = PBXBuildFile; fileRef = 94B04419181FF7A200D3E15B /* Foundation.framework */; };
		94B0441C181FF7A200D3E15B /* CoreGraphics.framework in Frameworks */ = {isa = PBXBuildFile; fileRef = 94B0441B181FF7A200D3E15B /* CoreGraphics.framework */; };
		94B0441E181FF7A200D3E15B /* UIKit.framework in Frameworks */ = {isa = PBXBuildFile; fileRef = 94B0441D181FF7A200D3E15B /* UIKit.framework */; };
		94B04424181FF7A200D3E15B /* InfoPlist.strings in Resources */ = {isa = PBXBuildFile; fileRef = 94B04422181FF7A200D3E15B /* InfoPlist.strings */; };
		94B04426181FF7A200D3E15B /* main.m in Sources */ = {isa = PBXBuildFile; fileRef = 94B04425181FF7A200D3E15B /* main.m */; };
		94B0442A181FF7A200D3E15B /* BUSAppDelegate.m in Sources */ = {isa = PBXBuildFile; fileRef = 94B04429181FF7A200D3E15B /* BUSAppDelegate.m */; };
		94B04432181FF7A200D3E15B /* Images.xcassets in Resources */ = {isa = PBXBuildFile; fileRef = 94B04431181FF7A200D3E15B /* Images.xcassets */; };
		94B04439181FF7A200D3E15B /* XCTest.framework in Frameworks */ = {isa = PBXBuildFile; fileRef = 94B04438181FF7A200D3E15B /* XCTest.framework */; };
		94B0443A181FF7A200D3E15B /* Foundation.framework in Frameworks */ = {isa = PBXBuildFile; fileRef = 94B04419181FF7A200D3E15B /* Foundation.framework */; };
		94B0443B181FF7A300D3E15B /* UIKit.framework in Frameworks */ = {isa = PBXBuildFile; fileRef = 94B0441D181FF7A200D3E15B /* UIKit.framework */; };
		94B04443181FF7A300D3E15B /* InfoPlist.strings in Resources */ = {isa = PBXBuildFile; fileRef = 94B04441181FF7A300D3E15B /* InfoPlist.strings */; };
		94E0CCC9182264A6005F3FBF /* libstdc++.6.0.9.dylib in Frameworks */ = {isa = PBXBuildFile; fileRef = 94E0CCC8182264A6005F3FBF /* libstdc++.6.0.9.dylib */; };
		94F871791820065800911620 /* Top.storyboard in Resources */ = {isa = PBXBuildFile; fileRef = 94F871781820065800911620 /* Top.storyboard */; };
		94F8717C1820066600911620 /* BUSTopViewController.m in Sources */ = {isa = PBXBuildFile; fileRef = 94F8717B1820066600911620 /* BUSTopViewController.m */; };
		94F8717F1820066F00911620 /* UIViewController+IICNavigator.m in Sources */ = {isa = PBXBuildFile; fileRef = 94F8717E1820066F00911620 /* UIViewController+IICNavigator.m */; };
		94F871811820073600911620 /* RouteList.storyboard in Resources */ = {isa = PBXBuildFile; fileRef = 94F871801820073600911620 /* RouteList.storyboard */; };
		94F871851820077E00911620 /* BUSRouteListVC.m in Sources */ = {isa = PBXBuildFile; fileRef = 94F871841820077E00911620 /* BUSRouteListVC.m */; };
		94F8718E18210A0A00911620 /* BUSTripVC.m in Sources */ = {isa = PBXBuildFile; fileRef = 94F8718D18210A0A00911620 /* BUSTripVC.m */; };
		94F8719118210A6800911620 /* Trip.storyboard in Resources */ = {isa = PBXBuildFile; fileRef = 94F8719018210A6800911620 /* Trip.storyboard */; };
		94F8719418210C2A00911620 /* BUSStopCell.m in Sources */ = {isa = PBXBuildFile; fileRef = 94F8719318210C2A00911620 /* BUSStopCell.m */; };
		94F8719718212E3300911620 /* BUSStopWidget.m in Sources */ = {isa = PBXBuildFile; fileRef = 94F8719618212E3300911620 /* BUSStopWidget.m */; };
		BE592EC8BFA74CA49C0E2E9B /* libPods-BusAwesomeTests.a in Frameworks */ = {isa = PBXBuildFile; fileRef = 9A54A6C2EEEB43A980FED6EC /* libPods-BusAwesomeTests.a */; };
/* End PBXBuildFile section */

/* Begin PBXContainerItemProxy section */
		663CF74418293388006A79D2 /* PBXContainerItemProxy */ = {
			isa = PBXContainerItemProxy;
			containerPortal = 94B0440E181FF7A200D3E15B /* Project object */;
			proxyType = 1;
			remoteGlobalIDString = 94B04415181FF7A200D3E15B;
			remoteInfo = BusAwesome;
		};
/* End PBXContainerItemProxy section */

/* Begin PBXFileReference section */
		6631186418210E1200993AF6 /* BUSTrip.h */ = {isa = PBXFileReference; fileEncoding = 4; lastKnownFileType = sourcecode.c.h; name = BUSTrip.h; path = Models/BUSTrip.h; sourceTree = "<group>"; };
		6631186518210E1200993AF6 /* BUSTrip.m */ = {isa = PBXFileReference; fileEncoding = 4; lastKnownFileType = sourcecode.c.objc; name = BUSTrip.m; path = Models/BUSTrip.m; sourceTree = "<group>"; };
		6631186718210E3D00993AF6 /* BUSRoute.h */ = {isa = PBXFileReference; fileEncoding = 4; lastKnownFileType = sourcecode.c.h; name = BUSRoute.h; path = Models/BUSRoute.h; sourceTree = "<group>"; };
		6631186818210E3D00993AF6 /* BUSRoute.m */ = {isa = PBXFileReference; fileEncoding = 4; lastKnownFileType = sourcecode.c.objc; name = BUSRoute.m; path = Models/BUSRoute.m; sourceTree = "<group>"; };
		6631186A18210E4B00993AF6 /* BUSAgency.h */ = {isa = PBXFileReference; fileEncoding = 4; lastKnownFileType = sourcecode.c.h; name = BUSAgency.h; path = Models/BUSAgency.h; sourceTree = "<group>"; };
		6631186B18210E4B00993AF6 /* BUSAgency.m */ = {isa = PBXFileReference; fileEncoding = 4; lastKnownFileType = sourcecode.c.objc; name = BUSAgency.m; path = Models/BUSAgency.m; sourceTree = "<group>"; };
		6631186D18210E6400993AF6 /* BUSStop.h */ = {isa = PBXFileReference; fileEncoding = 4; lastKnownFileType = sourcecode.c.h; name = BUSStop.h; path = Models/BUSStop.h; sourceTree = "<group>"; };
		6631186E18210E6400993AF6 /* BUSStop.m */ = {isa = PBXFileReference; fileEncoding = 4; lastKnownFileType = sourcecode.c.objc; name = BUSStop.m; path = Models/BUSStop.m; sourceTree = "<group>"; };
		6631187018210E8000993AF6 /* BUSPath.h */ = {isa = PBXFileReference; fileEncoding = 4; lastKnownFileType = sourcecode.c.h; name = BUSPath.h; path = Models/BUSPath.h; sourceTree = "<group>"; };
		6631187118210E8000993AF6 /* BUSPath.m */ = {isa = PBXFileReference; fileEncoding = 4; lastKnownFileType = sourcecode.c.objc; name = BUSPath.m; path = Models/BUSPath.m; sourceTree = "<group>"; };
		6631187418211EC500993AF6 /* BUSGTFSService.h */ = {isa = PBXFileReference; fileEncoding = 4; lastKnownFileType = sourcecode.c.h; name = BUSGTFSService.h; path = Services/BUSGTFSService.h; sourceTree = "<group>"; };
		6631187518211EC500993AF6 /* BUSGTFSService.m */ = {isa = PBXFileReference; fileEncoding = 4; lastKnownFileType = sourcecode.c.objc; name = BUSGTFSService.m; path = Services/BUSGTFSService.m; sourceTree = "<group>"; };
		663CF74918293486006A79D2 /* BUSRouteListVCSpec.m */ = {isa = PBXFileReference; fileEncoding = 4; lastKnownFileType = sourcecode.c.objc; name = BUSRouteListVCSpec.m; path = Controllers/RouteList/BUSRouteListVCSpec.m; sourceTree = "<group>"; };
		6667D641182932990072CAD1 /* libPods.a */ = {isa = PBXFileReference; lastKnownFileType = archive.ar; name = libPods.a; path = "Pods/build/Debug-iphoneos/libPods.a"; sourceTree = "<group>"; };
		6688466118213CAC000D3457 /* BUSRouteListCell.h */ = {isa = PBXFileReference; fileEncoding = 4; lastKnownFileType = sourcecode.c.h; name = BUSRouteListCell.h; path = Views/RouteList/BUSRouteListCell.h; sourceTree = "<group>"; };
		6688466218213CAC000D3457 /* BUSRouteListCell.m */ = {isa = PBXFileReference; fileEncoding = 4; lastKnownFileType = sourcecode.c.objc; name = BUSRouteListCell.m; path = Views/RouteList/BUSRouteListCell.m; sourceTree = "<group>"; };
		66BA17EF18267FD400E4397E /* agency-colors.plist */ = {isa = PBXFileReference; fileEncoding = 4; lastKnownFileType = text.plist.xml; name = "agency-colors.plist"; path = "Resources/agency-colors.plist"; sourceTree = "<group>"; };
		66D972F818278EB500B3C517 /* BUSRouteListSectionHeader.h */ = {isa = PBXFileReference; fileEncoding = 4; lastKnownFileType = sourcecode.c.h; name = BUSRouteListSectionHeader.h; path = Views/RouteList/BUSRouteListSectionHeader.h; sourceTree = "<group>"; };
		66D972F918278EB500B3C517 /* BUSRouteListSectionHeader.m */ = {isa = PBXFileReference; fileEncoding = 4; lastKnownFileType = sourcecode.c.objc; name = BUSRouteListSectionHeader.m; path = Views/RouteList/BUSRouteListSectionHeader.m; sourceTree = "<group>"; };
		66D972FD18278F1D00B3C517 /* RouteListSectionHeader.xib */ = {isa = PBXFileReference; fileEncoding = 4; lastKnownFileType = file.xib; name = RouteListSectionHeader.xib; path = Views/RouteList/RouteListSectionHeader.xib; sourceTree = "<group>"; };
		66D972FF1827989C00B3C517 /* UIXibView.h */ = {isa = PBXFileReference; fileEncoding = 4; lastKnownFileType = sourcecode.c.h; name = UIXibView.h; path = Lib/UIXibView.h; sourceTree = "<group>"; };
		66D973001827989C00B3C517 /* UIXibView.m */ = {isa = PBXFileReference; fileEncoding = 4; lastKnownFileType = sourcecode.c.objc; name = UIXibView.m; path = Lib/UIXibView.m; sourceTree = "<group>"; };
		66ED37971829318B00DAC199 /* libPods.a */ = {isa = PBXFileReference; lastKnownFileType = archive.ar; name = libPods.a; path = "Pods/build/Debug-iphoneos/libPods.a"; sourceTree = "<group>"; };
		66ED3799182931F300DAC199 /* libPods-Underscore.m.a */ = {isa = PBXFileReference; lastKnownFileType = archive.ar; name = "libPods-Underscore.m.a"; path = "Pods/build/Release-iphoneos/libPods-Underscore.m.a"; sourceTree = "<group>"; };
		687078AA3D864E078D403FEC /* Pods-BusAwesomeTests.xcconfig */ = {isa = PBXFileReference; includeInIndex = 1; lastKnownFileType = text.xcconfig; name = "Pods-BusAwesomeTests.xcconfig"; path = "Pods/Pods-BusAwesomeTests.xcconfig"; sourceTree = "<group>"; };
		6A09F377CEFF47639D70D6C0 /* libPods.a */ = {isa = PBXFileReference; explicitFileType = archive.ar; includeInIndex = 0; path = libPods.a; sourceTree = BUILT_PRODUCTS_DIR; };
		9439AE25182A47B10000A2C6 /* AppIcon29x29.png */ = {isa = PBXFileReference; lastKnownFileType = image.png; name = AppIcon29x29.png; path = BusAwesome/Resources/AppIcons/AppIcon29x29.png; sourceTree = SOURCE_ROOT; };
		9439AE26182A47B10000A2C6 /* AppIcon29x29@2x.png */ = {isa = PBXFileReference; lastKnownFileType = image.png; name = "AppIcon29x29@2x.png"; path = "BusAwesome/Resources/AppIcons/AppIcon29x29@2x.png"; sourceTree = SOURCE_ROOT; };
		9439AE27182A47B10000A2C6 /* AppIcon40x40.png */ = {isa = PBXFileReference; lastKnownFileType = image.png; name = AppIcon40x40.png; path = BusAwesome/Resources/AppIcons/AppIcon40x40.png; sourceTree = SOURCE_ROOT; };
		9439AE28182A47B10000A2C6 /* AppIcon40x40@2x.png */ = {isa = PBXFileReference; lastKnownFileType = image.png; name = "AppIcon40x40@2x.png"; path = "BusAwesome/Resources/AppIcons/AppIcon40x40@2x.png"; sourceTree = SOURCE_ROOT; };
		9439AE29182A47B10000A2C6 /* AppIcon60x60.png */ = {isa = PBXFileReference; lastKnownFileType = image.png; name = AppIcon60x60.png; path = BusAwesome/Resources/AppIcons/AppIcon60x60.png; sourceTree = SOURCE_ROOT; };
		9439AE2A182A47B10000A2C6 /* AppIcon60x60@2x.png */ = {isa = PBXFileReference; lastKnownFileType = image.png; name = "AppIcon60x60@2x.png"; path = "BusAwesome/Resources/AppIcons/AppIcon60x60@2x.png"; sourceTree = SOURCE_ROOT; };
		9439AE2B182A47B10000A2C6 /* AppIcon76x76.png */ = {isa = PBXFileReference; lastKnownFileType = image.png; name = AppIcon76x76.png; path = BusAwesome/Resources/AppIcons/AppIcon76x76.png; sourceTree = SOURCE_ROOT; };
		9439AE2C182A47B10000A2C6 /* AppIcon76x76@2x.png */ = {isa = PBXFileReference; lastKnownFileType = image.png; name = "AppIcon76x76@2x.png"; path = "BusAwesome/Resources/AppIcons/AppIcon76x76@2x.png"; sourceTree = SOURCE_ROOT; };
		9439AE2D182A47B10000A2C6 /* iTunesArtwork.png */ = {isa = PBXFileReference; lastKnownFileType = image.png; name = iTunesArtwork.png; path = BusAwesome/Resources/AppIcons/iTunesArtwork.png; sourceTree = SOURCE_ROOT; };
		9439AE2E182A47B10000A2C6 /* iTunesArtwork@2x.png */ = {isa = PBXFileReference; lastKnownFileType = image.png; name = "iTunesArtwork@2x.png"; path = "BusAwesome/Resources/AppIcons/iTunesArtwork@2x.png"; sourceTree = SOURCE_ROOT; };
		9439AE39182A4B6E0000A2C6 /* bus161.kml */ = {isa = PBXFileReference; fileEncoding = 4; lastKnownFileType = text.xml; name = bus161.kml; path = Resources/bus161.kml; sourceTree = "<group>"; };
		946FD0961826513E00ADD588 /* BUSLocationService.h */ = {isa = PBXFileReference; fileEncoding = 4; lastKnownFileType = sourcecode.c.h; path = BUSLocationService.h; sourceTree = "<group>"; };
		946FD0971826513E00ADD588 /* BUSLocationService.m */ = {isa = PBXFileReference; fileEncoding = 4; lastKnownFileType = sourcecode.c.objc; path = BUSLocationService.m; sourceTree = "<group>"; };
		946FD0A418268EC100ADD588 /* IICSimulatedLocationManager.h */ = {isa = PBXFileReference; fileEncoding = 4; lastKnownFileType = sourcecode.c.h; name = IICSimulatedLocationManager.h; path = Lib/IICSimulatedLocationManager.h; sourceTree = "<group>"; };
		946FD0A518268EC100ADD588 /* IICSimulatedLocationManager.m */ = {isa = PBXFileReference; fileEncoding = 4; lastKnownFileType = sourcecode.c.objc; name = IICSimulatedLocationManager.m; path = Lib/IICSimulatedLocationManager.m; sourceTree = "<group>"; };
		946FD0A718269DFC00ADD588 /* bus61.kml */ = {isa = PBXFileReference; fileEncoding = 4; lastKnownFileType = text.xml; name = bus61.kml; path = Resources/bus61.kml; sourceTree = "<group>"; };
		947C9D5D1821453C00C7B008 /* BUSStop+TripProjection.h */ = {isa = PBXFileReference; fileEncoding = 4; lastKnownFileType = sourcecode.c.h; name = "BUSStop+TripProjection.h"; path = "Models/BUSStop+TripProjection.h"; sourceTree = "<group>"; };
		947C9D5E1821453C00C7B008 /* BUSStop+TripProjection.m */ = {isa = PBXFileReference; fileEncoding = 4; lastKnownFileType = sourcecode.c.objc; name = "BUSStop+TripProjection.m"; path = "Models/BUSStop+TripProjection.m"; sourceTree = "<group>"; };
		9492C32B18B2217F00968246 /* cities.sqlite */ = {isa = PBXFileReference; lastKnownFileType = file; path = cities.sqlite; sourceTree = "<group>"; };
		9492C33318B34E7000968246 /* TripSectionHeader.xib */ = {isa = PBXFileReference; fileEncoding = 4; lastKnownFileType = file.xib; name = TripSectionHeader.xib; path = Views/Trip/TripSectionHeader.xib; sourceTree = "<group>"; };
		9492C33518B3504700968246 /* BUSTripSectionHeader.h */ = {isa = PBXFileReference; fileEncoding = 4; lastKnownFileType = sourcecode.c.h; name = BUSTripSectionHeader.h; path = Views/Trip/BUSTripSectionHeader.h; sourceTree = "<group>"; };
		9492C33618B3504700968246 /* BUSTripSectionHeader.m */ = {isa = PBXFileReference; fileEncoding = 4; lastKnownFileType = sourcecode.c.objc; name = BUSTripSectionHeader.m; path = Views/Trip/BUSTripSectionHeader.m; sourceTree = "<group>"; };
		94B04416181FF7A200D3E15B /* BusAwesome.app */ = {isa = PBXFileReference; explicitFileType = wrapper.application; includeInIndex = 0; path = BusAwesome.app; sourceTree = BUILT_PRODUCTS_DIR; };
		94B04419181FF7A200D3E15B /* Foundation.framework */ = {isa = PBXFileReference; lastKnownFileType = wrapper.framework; name = Foundation.framework; path = System/Library/Frameworks/Foundation.framework; sourceTree = SDKROOT; };
		94B0441B181FF7A200D3E15B /* CoreGraphics.framework */ = {isa = PBXFileReference; lastKnownFileType = wrapper.framework; name = CoreGraphics.framework; path = System/Library/Frameworks/CoreGraphics.framework; sourceTree = SDKROOT; };
		94B0441D181FF7A200D3E15B /* UIKit.framework */ = {isa = PBXFileReference; lastKnownFileType = wrapper.framework; name = UIKit.framework; path = System/Library/Frameworks/UIKit.framework; sourceTree = SDKROOT; };
		94B04421181FF7A200D3E15B /* BusAwesome-Info.plist */ = {isa = PBXFileReference; lastKnownFileType = text.plist.xml; path = "BusAwesome-Info.plist"; sourceTree = "<group>"; };
		94B04423181FF7A200D3E15B /* en */ = {isa = PBXFileReference; lastKnownFileType = text.plist.strings; name = en; path = en.lproj/InfoPlist.strings; sourceTree = "<group>"; };
		94B04425181FF7A200D3E15B /* main.m */ = {isa = PBXFileReference; lastKnownFileType = sourcecode.c.objc; path = main.m; sourceTree = "<group>"; };
		94B04427181FF7A200D3E15B /* BusAwesome-Prefix.pch */ = {isa = PBXFileReference; lastKnownFileType = sourcecode.c.h; path = "BusAwesome-Prefix.pch"; sourceTree = "<group>"; };
		94B04428181FF7A200D3E15B /* BUSAppDelegate.h */ = {isa = PBXFileReference; lastKnownFileType = sourcecode.c.h; path = BUSAppDelegate.h; sourceTree = "<group>"; };
		94B04429181FF7A200D3E15B /* BUSAppDelegate.m */ = {isa = PBXFileReference; lastKnownFileType = sourcecode.c.objc; path = BUSAppDelegate.m; sourceTree = "<group>"; };
		94B04431181FF7A200D3E15B /* Images.xcassets */ = {isa = PBXFileReference; lastKnownFileType = folder.assetcatalog; path = Images.xcassets; sourceTree = "<group>"; };
		94B04437181FF7A200D3E15B /* BusAwesomeTests.xctest */ = {isa = PBXFileReference; explicitFileType = wrapper.cfbundle; includeInIndex = 0; path = BusAwesomeTests.xctest; sourceTree = BUILT_PRODUCTS_DIR; };
		94B04438181FF7A200D3E15B /* XCTest.framework */ = {isa = PBXFileReference; lastKnownFileType = wrapper.framework; name = XCTest.framework; path = Library/Frameworks/XCTest.framework; sourceTree = DEVELOPER_DIR; };
		94B04440181FF7A300D3E15B /* BusAwesomeTests-Info.plist */ = {isa = PBXFileReference; lastKnownFileType = text.plist.xml; path = "BusAwesomeTests-Info.plist"; sourceTree = "<group>"; };
		94B04442181FF7A300D3E15B /* en */ = {isa = PBXFileReference; lastKnownFileType = text.plist.strings; name = en; path = en.lproj/InfoPlist.strings; sourceTree = "<group>"; };
		94E0CCC018225E5A005F3FBF /* libstdc++.dylib */ = {isa = PBXFileReference; lastKnownFileType = "compiled.mach-o.dylib"; name = "libstdc++.dylib"; path = "usr/lib/libstdc++.dylib"; sourceTree = SDKROOT; };
		94E0CCC318225E81005F3FBF /* libc++.dylib */ = {isa = PBXFileReference; lastKnownFileType = "compiled.mach-o.dylib"; name = "libc++.dylib"; path = "usr/lib/libc++.dylib"; sourceTree = SDKROOT; };
		94E0CCC8182264A6005F3FBF /* libstdc++.6.0.9.dylib */ = {isa = PBXFileReference; lastKnownFileType = "compiled.mach-o.dylib"; name = "libstdc++.6.0.9.dylib"; path = "usr/lib/libstdc++.6.0.9.dylib"; sourceTree = SDKROOT; };
		94F871781820065800911620 /* Top.storyboard */ = {isa = PBXFileReference; fileEncoding = 4; lastKnownFileType = file.storyboard; name = Top.storyboard; path = Views/Top.storyboard; sourceTree = "<group>"; };
		94F8717A1820066600911620 /* BUSTopViewController.h */ = {isa = PBXFileReference; fileEncoding = 4; lastKnownFileType = sourcecode.c.h; name = BUSTopViewController.h; path = Controllers/BUSTopViewController.h; sourceTree = "<group>"; };
		94F8717B1820066600911620 /* BUSTopViewController.m */ = {isa = PBXFileReference; fileEncoding = 4; lastKnownFileType = sourcecode.c.objc; name = BUSTopViewController.m; path = Controllers/BUSTopViewController.m; sourceTree = "<group>"; };
		94F8717D1820066F00911620 /* UIViewController+IICNavigator.h */ = {isa = PBXFileReference; fileEncoding = 4; lastKnownFileType = sourcecode.c.h; name = "UIViewController+IICNavigator.h"; path = "Lib/UIViewController+IICNavigator.h"; sourceTree = "<group>"; };
		94F8717E1820066F00911620 /* UIViewController+IICNavigator.m */ = {isa = PBXFileReference; fileEncoding = 4; lastKnownFileType = sourcecode.c.objc; name = "UIViewController+IICNavigator.m"; path = "Lib/UIViewController+IICNavigator.m"; sourceTree = "<group>"; };
		94F871801820073600911620 /* RouteList.storyboard */ = {isa = PBXFileReference; fileEncoding = 4; lastKnownFileType = file.storyboard; name = RouteList.storyboard; path = Views/RouteList/RouteList.storyboard; sourceTree = "<group>"; };
		94F871831820077E00911620 /* BUSRouteListVC.h */ = {isa = PBXFileReference; fileEncoding = 4; lastKnownFileType = sourcecode.c.h; name = BUSRouteListVC.h; path = Controllers/RouteList/BUSRouteListVC.h; sourceTree = "<group>"; };
		94F871841820077E00911620 /* BUSRouteListVC.m */ = {isa = PBXFileReference; fileEncoding = 4; lastKnownFileType = sourcecode.c.objc; name = BUSRouteListVC.m; path = Controllers/RouteList/BUSRouteListVC.m; sourceTree = "<group>"; };
		94F8718C18210A0A00911620 /* BUSTripVC.h */ = {isa = PBXFileReference; fileEncoding = 4; lastKnownFileType = sourcecode.c.h; name = BUSTripVC.h; path = Controllers/Trip/BUSTripVC.h; sourceTree = "<group>"; };
		94F8718D18210A0A00911620 /* BUSTripVC.m */ = {isa = PBXFileReference; fileEncoding = 4; lastKnownFileType = sourcecode.c.objc; name = BUSTripVC.m; path = Controllers/Trip/BUSTripVC.m; sourceTree = "<group>"; };
		94F8719018210A6800911620 /* Trip.storyboard */ = {isa = PBXFileReference; fileEncoding = 4; lastKnownFileType = file.storyboard; name = Trip.storyboard; path = Views/Trip/Trip.storyboard; sourceTree = "<group>"; };
		94F8719218210C2A00911620 /* BUSStopCell.h */ = {isa = PBXFileReference; fileEncoding = 4; lastKnownFileType = sourcecode.c.h; name = BUSStopCell.h; path = Views/Trip/BUSStopCell.h; sourceTree = "<group>"; };
		94F8719318210C2A00911620 /* BUSStopCell.m */ = {isa = PBXFileReference; fileEncoding = 4; lastKnownFileType = sourcecode.c.objc; name = BUSStopCell.m; path = Views/Trip/BUSStopCell.m; sourceTree = "<group>"; };
		94F8719518212E3300911620 /* BUSStopWidget.h */ = {isa = PBXFileReference; fileEncoding = 4; lastKnownFileType = sourcecode.c.h; name = BUSStopWidget.h; path = Views/Trip/BUSStopWidget.h; sourceTree = "<group>"; };
		94F8719618212E3300911620 /* BUSStopWidget.m */ = {isa = PBXFileReference; fileEncoding = 4; lastKnownFileType = sourcecode.c.objc; name = BUSStopWidget.m; path = Views/Trip/BUSStopWidget.m; sourceTree = "<group>"; };
		9A54A6C2EEEB43A980FED6EC /* libPods-BusAwesomeTests.a */ = {isa = PBXFileReference; explicitFileType = archive.ar; includeInIndex = 0; path = "libPods-BusAwesomeTests.a"; sourceTree = BUILT_PRODUCTS_DIR; };
		B96AF36E1EDE4161A3CFDE60 /* Pods.xcconfig */ = {isa = PBXFileReference; includeInIndex = 1; lastKnownFileType = text.xcconfig; name = Pods.xcconfig; path = Pods/Pods.xcconfig; sourceTree = "<group>"; };
/* End PBXFileReference section */

/* Begin PBXFrameworksBuildPhase section */
		94B04413181FF7A200D3E15B /* Frameworks */ = {
			isa = PBXFrameworksBuildPhase;
			buildActionMask = 2147483647;
			files = (
				94E0CCC9182264A6005F3FBF /* libstdc++.6.0.9.dylib in Frameworks */,
				94B0441C181FF7A200D3E15B /* CoreGraphics.framework in Frameworks */,
				94B0441E181FF7A200D3E15B /* UIKit.framework in Frameworks */,
				94B0441A181FF7A200D3E15B /* Foundation.framework in Frameworks */,
				03F2A221B8A64D7C8ACBF0C8 /* libPods.a in Frameworks */,
			);
			runOnlyForDeploymentPostprocessing = 0;
		};
		94B04434181FF7A200D3E15B /* Frameworks */ = {
			isa = PBXFrameworksBuildPhase;
			buildActionMask = 2147483647;
			files = (
				94B04439181FF7A200D3E15B /* XCTest.framework in Frameworks */,
				94B0443B181FF7A300D3E15B /* UIKit.framework in Frameworks */,
				94B0443A181FF7A200D3E15B /* Foundation.framework in Frameworks */,
				BE592EC8BFA74CA49C0E2E9B /* libPods-BusAwesomeTests.a in Frameworks */,
			);
			runOnlyForDeploymentPostprocessing = 0;
		};
/* End PBXFrameworksBuildPhase section */

/* Begin PBXGroup section */
		6631186318210DE600993AF6 /* Models */ = {
			isa = PBXGroup;
			children = (
				6631186418210E1200993AF6 /* BUSTrip.h */,
				6631186518210E1200993AF6 /* BUSTrip.m */,
				6631186718210E3D00993AF6 /* BUSRoute.h */,
				6631186818210E3D00993AF6 /* BUSRoute.m */,
				6631186A18210E4B00993AF6 /* BUSAgency.h */,
				6631186B18210E4B00993AF6 /* BUSAgency.m */,
				6631186D18210E6400993AF6 /* BUSStop.h */,
				6631186E18210E6400993AF6 /* BUSStop.m */,
				6631187018210E8000993AF6 /* BUSPath.h */,
				6631187118210E8000993AF6 /* BUSPath.m */,
				947C9D5D1821453C00C7B008 /* BUSStop+TripProjection.h */,
				947C9D5E1821453C00C7B008 /* BUSStop+TripProjection.m */,
			);
			name = Models;
			sourceTree = "<group>";
		};
		6631187318211E9200993AF6 /* Services */ = {
			isa = PBXGroup;
			children = (
				6631187418211EC500993AF6 /* BUSGTFSService.h */,
				6631187518211EC500993AF6 /* BUSGTFSService.m */,
				946FD0961826513E00ADD588 /* BUSLocationService.h */,
				946FD0971826513E00ADD588 /* BUSLocationService.m */,
			);
			name = Services;
			sourceTree = "<group>";
		};
		663CF74618293410006A79D2 /* Controllers */ = {
			isa = PBXGroup;
			children = (
				663CF7471829341C006A79D2 /* RouteList */,
			);
			name = Controllers;
			sourceTree = "<group>";
		};
		663CF7471829341C006A79D2 /* RouteList */ = {
			isa = PBXGroup;
			children = (
				663CF74918293486006A79D2 /* BUSRouteListVCSpec.m */,
			);
			name = RouteList;
			sourceTree = "<group>";
		};
		66BA17EE18267FA500E4397E /* Resources */ = {
			isa = PBXGroup;
			children = (
				9439AE39182A4B6E0000A2C6 /* bus161.kml */,
				9439AE10182A40740000A2C6 /* AppIcons */,
				946FD0A718269DFC00ADD588 /* bus61.kml */,
				66BA17EF18267FD400E4397E /* agency-colors.plist */,
			);
			name = Resources;
			sourceTree = "<group>";
		};
		9439AE10182A40740000A2C6 /* AppIcons */ = {
			isa = PBXGroup;
			children = (
				9439AE25182A47B10000A2C6 /* AppIcon29x29.png */,
				9439AE26182A47B10000A2C6 /* AppIcon29x29@2x.png */,
				9439AE27182A47B10000A2C6 /* AppIcon40x40.png */,
				9439AE28182A47B10000A2C6 /* AppIcon40x40@2x.png */,
				9439AE29182A47B10000A2C6 /* AppIcon60x60.png */,
				9439AE2A182A47B10000A2C6 /* AppIcon60x60@2x.png */,
				9439AE2B182A47B10000A2C6 /* AppIcon76x76.png */,
				9439AE2C182A47B10000A2C6 /* AppIcon76x76@2x.png */,
				9439AE2D182A47B10000A2C6 /* iTunesArtwork.png */,
				9439AE2E182A47B10000A2C6 /* iTunesArtwork@2x.png */,
			);
			name = AppIcons;
			path = Resources/Icons;
			sourceTree = "<group>";
		};
		945387AA1820036800E41D83 /* Controllers */ = {
			isa = PBXGroup;
			children = (
				94F8718B182109FD00911620 /* Trip */,
				94F871861820078200911620 /* RouteList */,
				94F8717A1820066600911620 /* BUSTopViewController.h */,
				94F8717B1820066600911620 /* BUSTopViewController.m */,
			);
			name = Controllers;
			sourceTree = "<group>";
		};
		9492C32A18B2217F00968246 /* Data */ = {
			isa = PBXGroup;
			children = (
				9492C32B18B2217F00968246 /* cities.sqlite */,
			);
			path = Data;
			sourceTree = "<group>";
		};
		94B0440D181FF7A200D3E15B = {
			isa = PBXGroup;
			children = (
				94B0441F181FF7A200D3E15B /* BusAwesome */,
				94B0443E181FF7A300D3E15B /* BusAwesomeTests */,
				94B04418181FF7A200D3E15B /* Frameworks */,
				94B04417181FF7A200D3E15B /* Products */,
				B96AF36E1EDE4161A3CFDE60 /* Pods.xcconfig */,
				687078AA3D864E078D403FEC /* Pods-BusAwesomeTests.xcconfig */,
			);
			sourceTree = "<group>";
		};
		94B04417181FF7A200D3E15B /* Products */ = {
			isa = PBXGroup;
			children = (
				94B04416181FF7A200D3E15B /* BusAwesome.app */,
				94B04437181FF7A200D3E15B /* BusAwesomeTests.xctest */,
			);
			name = Products;
			sourceTree = "<group>";
		};
		94B04418181FF7A200D3E15B /* Frameworks */ = {
			isa = PBXGroup;
			children = (
				6667D641182932990072CAD1 /* libPods.a */,
				66ED3799182931F300DAC199 /* libPods-Underscore.m.a */,
				66ED37971829318B00DAC199 /* libPods.a */,
				94E0CCC8182264A6005F3FBF /* libstdc++.6.0.9.dylib */,
				94E0CCC318225E81005F3FBF /* libc++.dylib */,
				94E0CCC018225E5A005F3FBF /* libstdc++.dylib */,
				94B04419181FF7A200D3E15B /* Foundation.framework */,
				94B0441B181FF7A200D3E15B /* CoreGraphics.framework */,
				94B0441D181FF7A200D3E15B /* UIKit.framework */,
				94B04438181FF7A200D3E15B /* XCTest.framework */,
				6A09F377CEFF47639D70D6C0 /* libPods.a */,
				9A54A6C2EEEB43A980FED6EC /* libPods-BusAwesomeTests.a */,
			);
			name = Frameworks;
			sourceTree = "<group>";
		};
		94B0441F181FF7A200D3E15B /* BusAwesome */ = {
			isa = PBXGroup;
			children = (
				9492C32A18B2217F00968246 /* Data */,
				66BA17EE18267FA500E4397E /* Resources */,
				6631187318211E9200993AF6 /* Services */,
				6631186318210DE600993AF6 /* Models */,
				94F871761820062F00911620 /* Lib */,
				945387AA1820036800E41D83 /* Controllers */,
				94F871771820063300911620 /* Views */,
				94F871781820065800911620 /* Top.storyboard */,
				94B04428181FF7A200D3E15B /* BUSAppDelegate.h */,
				94B04429181FF7A200D3E15B /* BUSAppDelegate.m */,
				94B04431181FF7A200D3E15B /* Images.xcassets */,
				94B04420181FF7A200D3E15B /* Supporting Files */,
			);
			path = BusAwesome;
			sourceTree = "<group>";
		};
		94B04420181FF7A200D3E15B /* Supporting Files */ = {
			isa = PBXGroup;
			children = (
				94B04421181FF7A200D3E15B /* BusAwesome-Info.plist */,
				94B04422181FF7A200D3E15B /* InfoPlist.strings */,
				94B04425181FF7A200D3E15B /* main.m */,
				94B04427181FF7A200D3E15B /* BusAwesome-Prefix.pch */,
			);
			name = "Supporting Files";
			sourceTree = "<group>";
		};
		94B0443E181FF7A300D3E15B /* BusAwesomeTests */ = {
			isa = PBXGroup;
			children = (
				663CF74618293410006A79D2 /* Controllers */,
				94B0443F181FF7A300D3E15B /* Supporting Files */,
			);
			path = BusAwesomeTests;
			sourceTree = "<group>";
		};
		94B0443F181FF7A300D3E15B /* Supporting Files */ = {
			isa = PBXGroup;
			children = (
				94B04440181FF7A300D3E15B /* BusAwesomeTests-Info.plist */,
				94B04441181FF7A300D3E15B /* InfoPlist.strings */,
			);
			name = "Supporting Files";
			sourceTree = "<group>";
		};
		94F871761820062F00911620 /* Lib */ = {
			isa = PBXGroup;
			children = (
				94F8717D1820066F00911620 /* UIViewController+IICNavigator.h */,
				94F8717E1820066F00911620 /* UIViewController+IICNavigator.m */,
				946FD0A418268EC100ADD588 /* IICSimulatedLocationManager.h */,
				946FD0A518268EC100ADD588 /* IICSimulatedLocationManager.m */,
				66D972FF1827989C00B3C517 /* UIXibView.h */,
				66D973001827989C00B3C517 /* UIXibView.m */,
			);
			name = Lib;
			sourceTree = "<group>";
		};
		94F871771820063300911620 /* Views */ = {
			isa = PBXGroup;
			children = (
				94F871821820074600911620 /* RouteList */,
				94F8718A182109C400911620 /* Trip */,
			);
			name = Views;
			sourceTree = "<group>";
		};
		94F871821820074600911620 /* RouteList */ = {
			isa = PBXGroup;
			children = (
				94F871801820073600911620 /* RouteList.storyboard */,
				6688466118213CAC000D3457 /* BUSRouteListCell.h */,
				6688466218213CAC000D3457 /* BUSRouteListCell.m */,
				66D972F818278EB500B3C517 /* BUSRouteListSectionHeader.h */,
				66D972F918278EB500B3C517 /* BUSRouteListSectionHeader.m */,
				66D972FD18278F1D00B3C517 /* RouteListSectionHeader.xib */,
			);
			name = RouteList;
			sourceTree = "<group>";
		};
		94F871861820078200911620 /* RouteList */ = {
			isa = PBXGroup;
			children = (
				94F871831820077E00911620 /* BUSRouteListVC.h */,
				94F871841820077E00911620 /* BUSRouteListVC.m */,
			);
			name = RouteList;
			sourceTree = "<group>";
		};
		94F8718A182109C400911620 /* Trip */ = {
			isa = PBXGroup;
			children = (
				94F8719018210A6800911620 /* Trip.storyboard */,
				94F8719218210C2A00911620 /* BUSStopCell.h */,
				94F8719318210C2A00911620 /* BUSStopCell.m */,
				94F8719518212E3300911620 /* BUSStopWidget.h */,
				94F8719618212E3300911620 /* BUSStopWidget.m */,
				9492C33318B34E7000968246 /* TripSectionHeader.xib */,
				9492C33518B3504700968246 /* BUSTripSectionHeader.h */,
				9492C33618B3504700968246 /* BUSTripSectionHeader.m */,
			);
			name = Trip;
			sourceTree = "<group>";
		};
		94F8718B182109FD00911620 /* Trip */ = {
			isa = PBXGroup;
			children = (
				94F8718C18210A0A00911620 /* BUSTripVC.h */,
				94F8718D18210A0A00911620 /* BUSTripVC.m */,
			);
			name = Trip;
			sourceTree = "<group>";
		};
/* End PBXGroup section */

/* Begin PBXNativeTarget section */
		94B04415181FF7A200D3E15B /* BusAwesome */ = {
			isa = PBXNativeTarget;
			buildConfigurationList = 94B04448181FF7A300D3E15B /* Build configuration list for PBXNativeTarget "BusAwesome" */;
			buildPhases = (
				4C9E230F55D54915AC5EE3CB /* Check Pods Manifest.lock */,
				94B04412181FF7A200D3E15B /* Sources */,
				94B04413181FF7A200D3E15B /* Frameworks */,
				94B04414181FF7A200D3E15B /* Resources */,
				3B123C80A7C34130B6DDD473 /* Copy Pods Resources */,
			);
			buildRules = (
			);
			dependencies = (
			);
			name = BusAwesome;
			productName = BusAwesome;
			productReference = 94B04416181FF7A200D3E15B /* BusAwesome.app */;
			productType = "com.apple.product-type.application";
		};
		94B04436181FF7A200D3E15B /* BusAwesomeTests */ = {
			isa = PBXNativeTarget;
			buildConfigurationList = 94B0444B181FF7A300D3E15B /* Build configuration list for PBXNativeTarget "BusAwesomeTests" */;
			buildPhases = (
				F65CE002DB194B7287A4FF02 /* Check Pods Manifest.lock */,
				94B04433181FF7A200D3E15B /* Sources */,
				94B04434181FF7A200D3E15B /* Frameworks */,
				94B04435181FF7A200D3E15B /* Resources */,
				0CA437642D1B4295916AE053 /* Copy Pods Resources */,
			);
			buildRules = (
			);
			dependencies = (
				663CF74518293388006A79D2 /* PBXTargetDependency */,
			);
			name = BusAwesomeTests;
			productName = BusAwesomeTests;
			productReference = 94B04437181FF7A200D3E15B /* BusAwesomeTests.xctest */;
			productType = "com.apple.product-type.bundle.unit-test";
		};
/* End PBXNativeTarget section */

/* Begin PBXProject section */
		94B0440E181FF7A200D3E15B /* Project object */ = {
			isa = PBXProject;
			attributes = {
				CLASSPREFIX = BUS;
				LastUpgradeCheck = 0500;
				ORGANIZATIONNAME = "Gilad Goldberg";
				TargetAttributes = {
					94B04436181FF7A200D3E15B = {
						TestTargetID = 94B04415181FF7A200D3E15B;
					};
				};
			};
			buildConfigurationList = 94B04411181FF7A200D3E15B /* Build configuration list for PBXProject "BusAwesome" */;
			compatibilityVersion = "Xcode 3.2";
			developmentRegion = English;
			hasScannedForEncodings = 0;
			knownRegions = (
				en,
				Base,
			);
			mainGroup = 94B0440D181FF7A200D3E15B;
			productRefGroup = 94B04417181FF7A200D3E15B /* Products */;
			projectDirPath = "";
			projectRoot = "";
			targets = (
				94B04415181FF7A200D3E15B /* BusAwesome */,
				94B04436181FF7A200D3E15B /* BusAwesomeTests */,
			);
		};
/* End PBXProject section */

/* Begin PBXResourcesBuildPhase section */
		94B04414181FF7A200D3E15B /* Resources */ = {
			isa = PBXResourcesBuildPhase;
			buildActionMask = 2147483647;
			files = (
				94B04432181FF7A200D3E15B /* Images.xcassets in Resources */,
				9439AE37182A47B10000A2C6 /* iTunesArtwork.png in Resources */,
				9492C32C18B2217F00968246 /* cities.sqlite in Resources */,
				9492C33418B34E7000968246 /* TripSectionHeader.xib in Resources */,
				94F8719118210A6800911620 /* Trip.storyboard in Resources */,
				9439AE2F182A47B10000A2C6 /* AppIcon29x29.png in Resources */,
				94B04424181FF7A200D3E15B /* InfoPlist.strings in Resources */,
				9439AE31182A47B10000A2C6 /* AppIcon40x40.png in Resources */,
				66BA17F018267FD400E4397E /* agency-colors.plist in Resources */,
				9439AE32182A47B10000A2C6 /* AppIcon40x40@2x.png in Resources */,
				66D972FE18278F1D00B3C517 /* RouteListSectionHeader.xib in Resources */,
				9439AE30182A47B10000A2C6 /* AppIcon29x29@2x.png in Resources */,
				9439AE35182A47B10000A2C6 /* AppIcon76x76.png in Resources */,
				94F871811820073600911620 /* RouteList.storyboard in Resources */,
				9439AE34182A47B10000A2C6 /* AppIcon60x60@2x.png in Resources */,
				9439AE38182A47B10000A2C6 /* iTunesArtwork@2x.png in Resources */,
				9439AE36182A47B10000A2C6 /* AppIcon76x76@2x.png in Resources */,
				94F871791820065800911620 /* Top.storyboard in Resources */,
				9439AE33182A47B10000A2C6 /* AppIcon60x60.png in Resources */,
				946FD0A818269DFC00ADD588 /* bus61.kml in Resources */,
				9439AE3A182A4B6E0000A2C6 /* bus161.kml in Resources */,
			);
			runOnlyForDeploymentPostprocessing = 0;
		};
		94B04435181FF7A200D3E15B /* Resources */ = {
			isa = PBXResourcesBuildPhase;
			buildActionMask = 2147483647;
			files = (
				94B04443181FF7A300D3E15B /* InfoPlist.strings in Resources */,
			);
			runOnlyForDeploymentPostprocessing = 0;
		};
/* End PBXResourcesBuildPhase section */

/* Begin PBXShellScriptBuildPhase section */
		0CA437642D1B4295916AE053 /* Copy Pods Resources */ = {
			isa = PBXShellScriptBuildPhase;
			buildActionMask = 2147483647;
			files = (
			);
			inputPaths = (
			);
			name = "Copy Pods Resources";
			outputPaths = (
			);
			runOnlyForDeploymentPostprocessing = 0;
			shellPath = /bin/sh;
			shellScript = "\"${SRCROOT}/Pods/Pods-BusAwesomeTests-resources.sh\"\n";
			showEnvVarsInLog = 0;
		};
		3B123C80A7C34130B6DDD473 /* Copy Pods Resources */ = {
			isa = PBXShellScriptBuildPhase;
			buildActionMask = 2147483647;
			files = (
			);
			inputPaths = (
			);
			name = "Copy Pods Resources";
			outputPaths = (
			);
			runOnlyForDeploymentPostprocessing = 0;
			shellPath = /bin/sh;
			shellScript = "\"${SRCROOT}/Pods/Pods-resources.sh\"\n";
			showEnvVarsInLog = 0;
		};
		4C9E230F55D54915AC5EE3CB /* Check Pods Manifest.lock */ = {
			isa = PBXShellScriptBuildPhase;
			buildActionMask = 2147483647;
			files = (
			);
			inputPaths = (
			);
			name = "Check Pods Manifest.lock";
			outputPaths = (
			);
			runOnlyForDeploymentPostprocessing = 0;
			shellPath = /bin/sh;
			shellScript = "diff \"${PODS_ROOT}/../Podfile.lock\" \"${PODS_ROOT}/Manifest.lock\" > /dev/null\nif [[ $? != 0 ]] ; then\n    cat << EOM\nerror: The sandbox is not in sync with the Podfile.lock. Run 'pod install' or update your CocoaPods installation.\nEOM\n    exit 1\nfi\n";
			showEnvVarsInLog = 0;
		};
		F65CE002DB194B7287A4FF02 /* Check Pods Manifest.lock */ = {
			isa = PBXShellScriptBuildPhase;
			buildActionMask = 2147483647;
			files = (
			);
			inputPaths = (
			);
			name = "Check Pods Manifest.lock";
			outputPaths = (
			);
			runOnlyForDeploymentPostprocessing = 0;
			shellPath = /bin/sh;
			shellScript = "diff \"${PODS_ROOT}/../Podfile.lock\" \"${PODS_ROOT}/Manifest.lock\" > /dev/null\nif [[ $? != 0 ]] ; then\n    cat << EOM\nerror: The sandbox is not in sync with the Podfile.lock. Run 'pod install' or update your CocoaPods installation.\nEOM\n    exit 1\nfi\n";
			showEnvVarsInLog = 0;
		};
/* End PBXShellScriptBuildPhase section */

/* Begin PBXSourcesBuildPhase section */
		94B04412181FF7A200D3E15B /* Sources */ = {
			isa = PBXSourcesBuildPhase;
			buildActionMask = 2147483647;
			files = (
				6688466318213CAC000D3457 /* BUSRouteListCell.m in Sources */,
				66D972FA18278EB500B3C517 /* BUSRouteListSectionHeader.m in Sources */,
				94F8718E18210A0A00911620 /* BUSTripVC.m in Sources */,
				94B04426181FF7A200D3E15B /* main.m in Sources */,
				6631186618210E1200993AF6 /* BUSTrip.m in Sources */,
				6631186918210E3D00993AF6 /* BUSRoute.m in Sources */,
				94B0442A181FF7A200D3E15B /* BUSAppDelegate.m in Sources */,
				94F8717F1820066F00911620 /* UIViewController+IICNavigator.m in Sources */,
				946FD0981826513E00ADD588 /* BUSLocationService.m in Sources */,
				6631187618211EC500993AF6 /* BUSGTFSService.m in Sources */,
				6631187218210E8000993AF6 /* BUSPath.m in Sources */,
				94F8719418210C2A00911620 /* BUSStopCell.m in Sources */,
				947C9D5F1821453C00C7B008 /* BUSStop+TripProjection.m in Sources */,
				94F871851820077E00911620 /* BUSRouteListVC.m in Sources */,
				66D973011827989C00B3C517 /* UIXibView.m in Sources */,
				94F8719718212E3300911620 /* BUSStopWidget.m in Sources */,
				94F8717C1820066600911620 /* BUSTopViewController.m in Sources */,
				6631186F18210E6400993AF6 /* BUSStop.m in Sources */,
				9492C33718B3504700968246 /* BUSTripSectionHeader.m in Sources */,
				6631186C18210E4B00993AF6 /* BUSAgency.m in Sources */,
				946FD0A618268EC100ADD588 /* IICSimulatedLocationManager.m in Sources */,
			);
			runOnlyForDeploymentPostprocessing = 0;
		};
		94B04433181FF7A200D3E15B /* Sources */ = {
			isa = PBXSourcesBuildPhase;
			buildActionMask = 2147483647;
			files = (
				663CF74A18293486006A79D2 /* BUSRouteListVCSpec.m in Sources */,
			);
			runOnlyForDeploymentPostprocessing = 0;
		};
/* End PBXSourcesBuildPhase section */

/* Begin PBXTargetDependency section */
		663CF74518293388006A79D2 /* PBXTargetDependency */ = {
			isa = PBXTargetDependency;
			target = 94B04415181FF7A200D3E15B /* BusAwesome */;
			targetProxy = 663CF74418293388006A79D2 /* PBXContainerItemProxy */;
		};
/* End PBXTargetDependency section */

/* Begin PBXVariantGroup section */
		94B04422181FF7A200D3E15B /* InfoPlist.strings */ = {
			isa = PBXVariantGroup;
			children = (
				94B04423181FF7A200D3E15B /* en */,
			);
			name = InfoPlist.strings;
			sourceTree = "<group>";
		};
		94B04441181FF7A300D3E15B /* InfoPlist.strings */ = {
			isa = PBXVariantGroup;
			children = (
				94B04442181FF7A300D3E15B /* en */,
			);
			name = InfoPlist.strings;
			sourceTree = "<group>";
		};
/* End PBXVariantGroup section */

/* Begin XCBuildConfiguration section */
		94B04446181FF7A300D3E15B /* Debug */ = {
			isa = XCBuildConfiguration;
			buildSettings = {
				ALWAYS_SEARCH_USER_PATHS = NO;
				ARCHS = "$(ARCHS_STANDARD_INCLUDING_64_BIT)";
				CLANG_CXX_LANGUAGE_STANDARD = "compiler-default";
				CLANG_CXX_LIBRARY = "libstdc++";
				CLANG_ENABLE_MODULES = YES;
				CLANG_ENABLE_OBJC_ARC = YES;
				CLANG_WARN_BOOL_CONVERSION = YES;
				CLANG_WARN_CONSTANT_CONVERSION = YES;
				CLANG_WARN_DIRECT_OBJC_ISA_USAGE = YES_ERROR;
				CLANG_WARN_EMPTY_BODY = YES;
				CLANG_WARN_ENUM_CONVERSION = YES;
				CLANG_WARN_INT_CONVERSION = YES;
				CLANG_WARN_OBJC_ROOT_CLASS = YES_ERROR;
				CLANG_WARN__DUPLICATE_METHOD_MATCH = YES;
				"CODE_SIGN_IDENTITY[sdk=iphoneos*]" = "iPhone Developer";
				COPY_PHASE_STRIP = NO;
				GCC_C_LANGUAGE_STANDARD = gnu99;
				GCC_DYNAMIC_NO_PIC = NO;
				GCC_OPTIMIZATION_LEVEL = 0;
				GCC_PREPROCESSOR_DEFINITIONS = (
					"DEBUG=1",
					"$(inherited)",
				);
				GCC_SYMBOLS_PRIVATE_EXTERN = NO;
				GCC_WARN_64_TO_32_BIT_CONVERSION = YES;
				GCC_WARN_ABOUT_RETURN_TYPE = YES_ERROR;
				GCC_WARN_UNDECLARED_SELECTOR = YES;
				GCC_WARN_UNINITIALIZED_AUTOS = YES;
				GCC_WARN_UNUSED_FUNCTION = YES;
				GCC_WARN_UNUSED_VARIABLE = YES;
				IPHONEOS_DEPLOYMENT_TARGET = 7.0;
				ONLY_ACTIVE_ARCH = YES;
				SDKROOT = iphoneos;
			};
			name = Debug;
		};
		94B04447181FF7A300D3E15B /* Release */ = {
			isa = XCBuildConfiguration;
			buildSettings = {
				ALWAYS_SEARCH_USER_PATHS = NO;
				ARCHS = "$(ARCHS_STANDARD_INCLUDING_64_BIT)";
				CLANG_CXX_LANGUAGE_STANDARD = "compiler-default";
				CLANG_CXX_LIBRARY = "libstdc++";
				CLANG_ENABLE_MODULES = YES;
				CLANG_ENABLE_OBJC_ARC = YES;
				CLANG_WARN_BOOL_CONVERSION = YES;
				CLANG_WARN_CONSTANT_CONVERSION = YES;
				CLANG_WARN_DIRECT_OBJC_ISA_USAGE = YES_ERROR;
				CLANG_WARN_EMPTY_BODY = YES;
				CLANG_WARN_ENUM_CONVERSION = YES;
				CLANG_WARN_INT_CONVERSION = YES;
				CLANG_WARN_OBJC_ROOT_CLASS = YES_ERROR;
				CLANG_WARN__DUPLICATE_METHOD_MATCH = YES;
				"CODE_SIGN_IDENTITY[sdk=iphoneos*]" = "iPhone Developer";
				COPY_PHASE_STRIP = YES;
				ENABLE_NS_ASSERTIONS = NO;
				GCC_C_LANGUAGE_STANDARD = gnu99;
				GCC_WARN_64_TO_32_BIT_CONVERSION = YES;
				GCC_WARN_ABOUT_RETURN_TYPE = YES_ERROR;
				GCC_WARN_UNDECLARED_SELECTOR = YES;
				GCC_WARN_UNINITIALIZED_AUTOS = YES;
				GCC_WARN_UNUSED_FUNCTION = YES;
				GCC_WARN_UNUSED_VARIABLE = YES;
				IPHONEOS_DEPLOYMENT_TARGET = 7.0;
				SDKROOT = iphoneos;
				VALIDATE_PRODUCT = YES;
			};
			name = Release;
		};
		94B04449181FF7A300D3E15B /* Debug */ = {
			isa = XCBuildConfiguration;
			baseConfigurationReference = B96AF36E1EDE4161A3CFDE60 /* Pods.xcconfig */;
			buildSettings = {
				ASSETCATALOG_COMPILER_APPICON_NAME = AppIcon;
				ASSETCATALOG_COMPILER_LAUNCHIMAGE_NAME = LaunchImage;
				CLANG_CXX_LANGUAGE_STANDARD = "gnu++98";
				CLANG_CXX_LIBRARY = "libstdc++";
				GCC_PRECOMPILE_PREFIX_HEADER = YES;
				GCC_PREFIX_HEADER = "BusAwesome/BusAwesome-Prefix.pch";
				INFOPLIST_FILE = "BusAwesome/BusAwesome-Info.plist";
				PRODUCT_NAME = "$(TARGET_NAME)";
				WRAPPER_EXTENSION = app;
			};
			name = Debug;
		};
		94B0444A181FF7A300D3E15B /* Release */ = {
			isa = XCBuildConfiguration;
			baseConfigurationReference = B96AF36E1EDE4161A3CFDE60 /* Pods.xcconfig */;
			buildSettings = {
				ASSETCATALOG_COMPILER_APPICON_NAME = AppIcon;
				ASSETCATALOG_COMPILER_LAUNCHIMAGE_NAME = LaunchImage;
				CLANG_CXX_LANGUAGE_STANDARD = "gnu++98";
				CLANG_CXX_LIBRARY = "libstdc++";
				GCC_PRECOMPILE_PREFIX_HEADER = YES;
				GCC_PREFIX_HEADER = "BusAwesome/BusAwesome-Prefix.pch";
				INFOPLIST_FILE = "BusAwesome/BusAwesome-Info.plist";
				PRODUCT_NAME = "$(TARGET_NAME)";
				WRAPPER_EXTENSION = app;
			};
			name = Release;
		};
		94B0444C181FF7A300D3E15B /* Debug */ = {
			isa = XCBuildConfiguration;
			baseConfigurationReference = 687078AA3D864E078D403FEC /* Pods-BusAwesomeTests.xcconfig */;
			buildSettings = {
				ARCHS = "$(ARCHS_STANDARD_INCLUDING_64_BIT)";
				BUNDLE_LOADER = "$(BUILT_PRODUCTS_DIR)/BusAwesome.app/BusAwesome";
				FRAMEWORK_SEARCH_PATHS = (
					"$(SDKROOT)/Developer/Library/Frameworks",
					"$(inherited)",
					"$(DEVELOPER_FRAMEWORKS_DIR)",
				);
				GCC_PRECOMPILE_PREFIX_HEADER = YES;
				GCC_PREFIX_HEADER = "BusAwesome/BusAwesome-Prefix.pch";
				GCC_PREPROCESSOR_DEFINITIONS = (
					"DEBUG=1",
					"$(inherited)",
				);
				INFOPLIST_FILE = "BusAwesomeTests/BusAwesomeTests-Info.plist";
				LIBRARY_SEARCH_PATHS = (
					"$(inherited)",
					"/Users/itay/Development/BusAwesome/Pods/build/Release-iphoneos",
					"/Users/itay/Development/BusAwesome/Pods/build/Debug-iphoneos",
				);
				PRODUCT_NAME = "$(TARGET_NAME)";
				TEST_HOST = "$(BUNDLE_LOADER)";
				WRAPPER_EXTENSION = xctest;
			};
			name = Debug;
		};
		94B0444D181FF7A300D3E15B /* Release */ = {
			isa = XCBuildConfiguration;
			baseConfigurationReference = 687078AA3D864E078D403FEC /* Pods-BusAwesomeTests.xcconfig */;
			buildSettings = {
				ARCHS = "$(ARCHS_STANDARD_INCLUDING_64_BIT)";
				BUNDLE_LOADER = "$(BUILT_PRODUCTS_DIR)/BusAwesome.app/BusAwesome";
				FRAMEWORK_SEARCH_PATHS = (
					"$(SDKROOT)/Developer/Library/Frameworks",
					"$(inherited)",
					"$(DEVELOPER_FRAMEWORKS_DIR)",
				);
				GCC_PRECOMPILE_PREFIX_HEADER = YES;
				GCC_PREFIX_HEADER = "BusAwesome/BusAwesome-Prefix.pch";
				INFOPLIST_FILE = "BusAwesomeTests/BusAwesomeTests-Info.plist";
				LIBRARY_SEARCH_PATHS = (
					"$(inherited)",
					"/Users/itay/Development/BusAwesome/Pods/build/Release-iphoneos",
					"/Users/itay/Development/BusAwesome/Pods/build/Debug-iphoneos",
				);
				PRODUCT_NAME = "$(TARGET_NAME)";
				TEST_HOST = "$(BUNDLE_LOADER)";
				WRAPPER_EXTENSION = xctest;
			};
			name = Release;
		};
/* End XCBuildConfiguration section */

/* Begin XCConfigurationList section */
		94B04411181FF7A200D3E15B /* Build configuration list for PBXProject "BusAwesome" */ = {
			isa = XCConfigurationList;
			buildConfigurations = (
				94B04446181FF7A300D3E15B /* Debug */,
				94B04447181FF7A300D3E15B /* Release */,
			);
			defaultConfigurationIsVisible = 0;
			defaultConfigurationName = Release;
		};
		94B04448181FF7A300D3E15B /* Build configuration list for PBXNativeTarget "BusAwesome" */ = {
			isa = XCConfigurationList;
			buildConfigurations = (
				94B04449181FF7A300D3E15B /* Debug */,
				94B0444A181FF7A300D3E15B /* Release */,
			);
			defaultConfigurationIsVisible = 0;
			defaultConfigurationName = Release;
		};
		94B0444B181FF7A300D3E15B /* Build configuration list for PBXNativeTarget "BusAwesomeTests" */ = {
			isa = XCConfigurationList;
			buildConfigurations = (
				94B0444C181FF7A300D3E15B /* Debug */,
				94B0444D181FF7A300D3E15B /* Release */,
			);
			defaultConfigurationIsVisible = 0;
			defaultConfigurationName = Release;
		};
/* End XCConfigurationList section */
	};
	rootObject = 94B0440E181FF7A200D3E15B /* Project object */;
}
